
Microsoft Visual Studio Solution File, Format Version 12.00
# Visual Studio Version 17
VisualStudioVersion = 17.7.34031.279
MinimumVisualStudioVersion = 10.0.40219.1
Project("{FAE04EC0-301F-11D3-BF4B-00C04F79EFBC}") = "MIP_3", "MIP_3\MIP_3.csproj", "{10D8EB71-DD1E-4070-82C4-087A530CBEC7}"
EndProject
Global
	GlobalSection(SolutionConfigurationPlatforms) = preSolution
		Debug|Any CPU = Debug|Any CPU
		Release|Any CPU = Release|Any CPU
	EndGlobalSection
	GlobalSection(ProjectConfigurationPlatforms) = postSolution
		{10D8EB71-DD1E-4070-82C4-087A530CBEC7}.Debug|Any CPU.ActiveCfg = Debug|Any CPU
		{10D8EB71-DD1E-4070-82C4-087A530CBEC7}.Debug|Any CPU.Build.0 = Debug|Any CPU
		{10D8EB71-DD1E-4070-82C4-087A530CBEC7}.Release|Any CPU.ActiveCfg = Release|Any CPU
		{10D8EB71-DD1E-4070-82C4-087A530CBEC7}.Release|Any CPU.Build.0 = Release|Any CPU
	EndGlobalSection
	GlobalSection(SolutionProperties) = preSolution
		HideSolutionNode = FALSE
	EndGlobalSection
	GlobalSection(ExtensibilityGlobals) = postSolution
		SolutionGuid = {27B16B59-A788-4B5B-9F09-2082A78F2529}
	EndGlobalSection
EndGlobal
