
Microsoft Visual Studio Solution File, Format Version 12.00
# Visual Studio Version 17
VisualStudioVersion = 17.7.34031.279
MinimumVisualStudioVersion = 10.0.40219.1
Project("{FAE04EC0-301F-11D3-BF4B-00C04F79EFBC}") = "1.3.2", "1.3.2\1.3.2.csproj", "{70E89FA6-7F63-43E6-9602-1FC3F1DB7D03}"
EndProject
Global
	GlobalSection(SolutionConfigurationPlatforms) = preSolution
		Debug|Any CPU = Debug|Any CPU
		Release|Any CPU = Release|Any CPU
	EndGlobalSection
	GlobalSection(ProjectConfigurationPlatforms) = postSolution
		{70E89FA6-7F63-43E6-9602-1FC3F1DB7D03}.Debug|Any CPU.ActiveCfg = Debug|Any CPU
		{70E89FA6-7F63-43E6-9602-1FC3F1DB7D03}.Debug|Any CPU.Build.0 = Debug|Any CPU
		{70E89FA6-7F63-43E6-9602-1FC3F1DB7D03}.Release|Any CPU.ActiveCfg = Release|Any CPU
		{70E89FA6-7F63-43E6-9602-1FC3F1DB7D03}.Release|Any CPU.Build.0 = Release|Any CPU
	EndGlobalSection
	GlobalSection(SolutionProperties) = preSolution
		HideSolutionNode = FALSE
	EndGlobalSection
	GlobalSection(ExtensibilityGlobals) = postSolution
		SolutionGuid = {4DB59F34-5A02-41D1-8486-9DCA7C4A3634}
	EndGlobalSection
EndGlobal
