
Microsoft Visual Studio Solution File, Format Version 12.00
# Visual Studio Version 17
VisualStudioVersion = 17.7.34031.279
MinimumVisualStudioVersion = 10.0.40219.1
Project("{FAE04EC0-301F-11D3-BF4B-00C04F79EFBC}") = "alg1", "alg1\alg1.csproj", "{DCE8B7A2-3BED-4505-AD8E-044263CB6771}"
EndProject
Global
	GlobalSection(SolutionConfigurationPlatforms) = preSolution
		Debug|Any CPU = Debug|Any CPU
		Release|Any CPU = Release|Any CPU
	EndGlobalSection
	GlobalSection(ProjectConfigurationPlatforms) = postSolution
		{DCE8B7A2-3BED-4505-AD8E-044263CB6771}.Debug|Any CPU.ActiveCfg = Debug|Any CPU
		{DCE8B7A2-3BED-4505-AD8E-044263CB6771}.Debug|Any CPU.Build.0 = Debug|Any CPU
		{DCE8B7A2-3BED-4505-AD8E-044263CB6771}.Release|Any CPU.ActiveCfg = Release|Any CPU
		{DCE8B7A2-3BED-4505-AD8E-044263CB6771}.Release|Any CPU.Build.0 = Release|Any CPU
	EndGlobalSection
	GlobalSection(SolutionProperties) = preSolution
		HideSolutionNode = FALSE
	EndGlobalSection
	GlobalSection(ExtensibilityGlobals) = postSolution
		SolutionGuid = {403CAE4E-8EC5-4172-992D-CEB3B8A9F516}
	EndGlobalSection
EndGlobal
