
Microsoft Visual Studio Solution File, Format Version 12.00
# Visual Studio Version 17
VisualStudioVersion = 17.7.34031.279
MinimumVisualStudioVersion = 10.0.40219.1
Project("{FAE04EC0-301F-11D3-BF4B-00C04F79EFBC}") = "79", "79\79.csproj", "{129F1F97-42B8-461F-84CF-6C343E26A7FF}"
EndProject
Project("{FAE04EC0-301F-11D3-BF4B-00C04F79EFBC}") = "c", "c\c.csproj", "{DA16DF1E-FE14-47FB-909D-FE03CDEF4E95}"
EndProject
Project("{FAE04EC0-301F-11D3-BF4B-00C04F79EFBC}") = "d", "d\d.csproj", "{8300C380-794E-46CC-9306-8E144418B857}"
EndProject
Project("{FAE04EC0-301F-11D3-BF4B-00C04F79EFBC}") = "e", "e\e.csproj", "{0B5B97AE-81F2-4A62-9911-9AC7A35077B7}"
EndProject
Project("{FAE04EC0-301F-11D3-BF4B-00C04F79EFBC}") = "f", "f\f.csproj", "{C1104280-1D87-451F-9EF4-30CB26B5F5DE}"
EndProject
Project("{FAE04EC0-301F-11D3-BF4B-00C04F79EFBC}") = "g", "g\g.csproj", "{25C6B741-3834-4A4F-9115-FE83FF8784F0}"
EndProject
Project("{FAE04EC0-301F-11D3-BF4B-00C04F79EFBC}") = "h", "h\h.csproj", "{9CF95B39-974A-48F3-B58F-CE11B09BF6B4}"
EndProject
Project("{FAE04EC0-301F-11D3-BF4B-00C04F79EFBC}") = "i", "i\i.csproj", "{ADDB7971-8663-4E70-B4B4-D34E47449845}"
EndProject
Project("{FAE04EC0-301F-11D3-BF4B-00C04F79EFBC}") = "j", "j\j.csproj", "{F0C9ADDE-FAE5-476C-9F5F-EBD72C35670C}"
EndProject
Project("{FAE04EC0-301F-11D3-BF4B-00C04F79EFBC}") = "k", "k\k.csproj", "{D0F19877-3EEB-4220-B799-B9D6B2B7056D}"
EndProject
Project("{FAE04EC0-301F-11D3-BF4B-00C04F79EFBC}") = "l", "l\l.csproj", "{A5C39310-5A09-4AAF-9CE7-E50F5BF2D275}"
EndProject
Project("{FAE04EC0-301F-11D3-BF4B-00C04F79EFBC}") = "m", "m\m.csproj", "{EFFCD1A0-40BE-4E60-A337-03CEF92DD8DC}"
EndProject
Project("{FAE04EC0-301F-11D3-BF4B-00C04F79EFBC}") = "n", "n\n.csproj", "{0AF79399-0EFE-477F-99AF-6A3E5A9DCDAE}"
EndProject
Project("{FAE04EC0-301F-11D3-BF4B-00C04F79EFBC}") = "o", "o\o.csproj", "{40FFC748-0832-4497-A487-B1F625F4622E}"
EndProject
Project("{FAE04EC0-301F-11D3-BF4B-00C04F79EFBC}") = "p", "p\p.csproj", "{A2434C12-58FC-40F4-8C9B-ABB4D9D4B370}"
EndProject
Project("{FAE04EC0-301F-11D3-BF4B-00C04F79EFBC}") = "q", "q\q.csproj", "{C56CD7B1-EDB8-4715-B214-2D44BE00DC2F}"
EndProject
Project("{FAE04EC0-301F-11D3-BF4B-00C04F79EFBC}") = "r", "r\r.csproj", "{E38346DB-228D-420D-8897-9635AC63DECD}"
EndProject
Project("{FAE04EC0-301F-11D3-BF4B-00C04F79EFBC}") = "s", "s\s.csproj", "{9697EB76-A134-4153-806A-D1B7CF903FB2}"
EndProject
Project("{FAE04EC0-301F-11D3-BF4B-00C04F79EFBC}") = "t", "t\t.csproj", "{E53110AA-D00A-4F80-9A28-42BDA9CD3B9E}"
EndProject
Project("{FAE04EC0-301F-11D3-BF4B-00C04F79EFBC}") = "u", "u\u.csproj", "{FE2A4A06-A8CA-47B7-A486-6D148207D4AD}"
EndProject
Project("{FAE04EC0-301F-11D3-BF4B-00C04F79EFBC}") = "v", "v\v.csproj", "{0388B0BB-AB62-4CD6-8307-D97BEF05C3A7}"
EndProject
Project("{FAE04EC0-301F-11D3-BF4B-00C04F79EFBC}") = "w", "w\w.csproj", "{47DC8A79-73BA-4950-90C6-7BC9EAE39CEF}"
EndProject
Project("{FAE04EC0-301F-11D3-BF4B-00C04F79EFBC}") = "x", "x\x.csproj", "{5EBFB2DF-8FDF-44EB-BBFB-DF88354E5D99}"
EndProject
Project("{FAE04EC0-301F-11D3-BF4B-00C04F79EFBC}") = "y", "y\y.csproj", "{1775A58C-E36E-4281-9C0C-2E1586D93065}"
EndProject
Global
	GlobalSection(SolutionConfigurationPlatforms) = preSolution
		Debug|Any CPU = Debug|Any CPU
		Release|Any CPU = Release|Any CPU
	EndGlobalSection
	GlobalSection(ProjectConfigurationPlatforms) = postSolution
		{129F1F97-42B8-461F-84CF-6C343E26A7FF}.Debug|Any CPU.ActiveCfg = Debug|Any CPU
		{129F1F97-42B8-461F-84CF-6C343E26A7FF}.Debug|Any CPU.Build.0 = Debug|Any CPU
		{129F1F97-42B8-461F-84CF-6C343E26A7FF}.Release|Any CPU.ActiveCfg = Release|Any CPU
		{129F1F97-42B8-461F-84CF-6C343E26A7FF}.Release|Any CPU.Build.0 = Release|Any CPU
		{DA16DF1E-FE14-47FB-909D-FE03CDEF4E95}.Debug|Any CPU.ActiveCfg = Debug|Any CPU
		{DA16DF1E-FE14-47FB-909D-FE03CDEF4E95}.Debug|Any CPU.Build.0 = Debug|Any CPU
		{DA16DF1E-FE14-47FB-909D-FE03CDEF4E95}.Release|Any CPU.ActiveCfg = Release|Any CPU
		{DA16DF1E-FE14-47FB-909D-FE03CDEF4E95}.Release|Any CPU.Build.0 = Release|Any CPU
		{8300C380-794E-46CC-9306-8E144418B857}.Debug|Any CPU.ActiveCfg = Debug|Any CPU
		{8300C380-794E-46CC-9306-8E144418B857}.Debug|Any CPU.Build.0 = Debug|Any CPU
		{8300C380-794E-46CC-9306-8E144418B857}.Release|Any CPU.ActiveCfg = Release|Any CPU
		{8300C380-794E-46CC-9306-8E144418B857}.Release|Any CPU.Build.0 = Release|Any CPU
		{0B5B97AE-81F2-4A62-9911-9AC7A35077B7}.Debug|Any CPU.ActiveCfg = Debug|Any CPU
		{0B5B97AE-81F2-4A62-9911-9AC7A35077B7}.Debug|Any CPU.Build.0 = Debug|Any CPU
		{0B5B97AE-81F2-4A62-9911-9AC7A35077B7}.Release|Any CPU.ActiveCfg = Release|Any CPU
		{0B5B97AE-81F2-4A62-9911-9AC7A35077B7}.Release|Any CPU.Build.0 = Release|Any CPU
		{C1104280-1D87-451F-9EF4-30CB26B5F5DE}.Debug|Any CPU.ActiveCfg = Debug|Any CPU
		{C1104280-1D87-451F-9EF4-30CB26B5F5DE}.Debug|Any CPU.Build.0 = Debug|Any CPU
		{C1104280-1D87-451F-9EF4-30CB26B5F5DE}.Release|Any CPU.ActiveCfg = Release|Any CPU
		{C1104280-1D87-451F-9EF4-30CB26B5F5DE}.Release|Any CPU.Build.0 = Release|Any CPU
		{25C6B741-3834-4A4F-9115-FE83FF8784F0}.Debug|Any CPU.ActiveCfg = Debug|Any CPU
		{25C6B741-3834-4A4F-9115-FE83FF8784F0}.Debug|Any CPU.Build.0 = Debug|Any CPU
		{25C6B741-3834-4A4F-9115-FE83FF8784F0}.Release|Any CPU.ActiveCfg = Release|Any CPU
		{25C6B741-3834-4A4F-9115-FE83FF8784F0}.Release|Any CPU.Build.0 = Release|Any CPU
		{9CF95B39-974A-48F3-B58F-CE11B09BF6B4}.Debug|Any CPU.ActiveCfg = Debug|Any CPU
		{9CF95B39-974A-48F3-B58F-CE11B09BF6B4}.Debug|Any CPU.Build.0 = Debug|Any CPU
		{9CF95B39-974A-48F3-B58F-CE11B09BF6B4}.Release|Any CPU.ActiveCfg = Release|Any CPU
		{9CF95B39-974A-48F3-B58F-CE11B09BF6B4}.Release|Any CPU.Build.0 = Release|Any CPU
		{ADDB7971-8663-4E70-B4B4-D34E47449845}.Debug|Any CPU.ActiveCfg = Debug|Any CPU
		{ADDB7971-8663-4E70-B4B4-D34E47449845}.Debug|Any CPU.Build.0 = Debug|Any CPU
		{ADDB7971-8663-4E70-B4B4-D34E47449845}.Release|Any CPU.ActiveCfg = Release|Any CPU
		{ADDB7971-8663-4E70-B4B4-D34E47449845}.Release|Any CPU.Build.0 = Release|Any CPU
		{F0C9ADDE-FAE5-476C-9F5F-EBD72C35670C}.Debug|Any CPU.ActiveCfg = Debug|Any CPU
		{F0C9ADDE-FAE5-476C-9F5F-EBD72C35670C}.Debug|Any CPU.Build.0 = Debug|Any CPU
		{F0C9ADDE-FAE5-476C-9F5F-EBD72C35670C}.Release|Any CPU.ActiveCfg = Release|Any CPU
		{F0C9ADDE-FAE5-476C-9F5F-EBD72C35670C}.Release|Any CPU.Build.0 = Release|Any CPU
		{D0F19877-3EEB-4220-B799-B9D6B2B7056D}.Debug|Any CPU.ActiveCfg = Debug|Any CPU
		{D0F19877-3EEB-4220-B799-B9D6B2B7056D}.Debug|Any CPU.Build.0 = Debug|Any CPU
		{D0F19877-3EEB-4220-B799-B9D6B2B7056D}.Release|Any CPU.ActiveCfg = Release|Any CPU
		{D0F19877-3EEB-4220-B799-B9D6B2B7056D}.Release|Any CPU.Build.0 = Release|Any CPU
		{A5C39310-5A09-4AAF-9CE7-E50F5BF2D275}.Debug|Any CPU.ActiveCfg = Debug|Any CPU
		{A5C39310-5A09-4AAF-9CE7-E50F5BF2D275}.Debug|Any CPU.Build.0 = Debug|Any CPU
		{A5C39310-5A09-4AAF-9CE7-E50F5BF2D275}.Release|Any CPU.ActiveCfg = Release|Any CPU
		{A5C39310-5A09-4AAF-9CE7-E50F5BF2D275}.Release|Any CPU.Build.0 = Release|Any CPU
		{EFFCD1A0-40BE-4E60-A337-03CEF92DD8DC}.Debug|Any CPU.ActiveCfg = Debug|Any CPU
		{EFFCD1A0-40BE-4E60-A337-03CEF92DD8DC}.Debug|Any CPU.Build.0 = Debug|Any CPU
		{EFFCD1A0-40BE-4E60-A337-03CEF92DD8DC}.Release|Any CPU.ActiveCfg = Release|Any CPU
		{EFFCD1A0-40BE-4E60-A337-03CEF92DD8DC}.Release|Any CPU.Build.0 = Release|Any CPU
		{0AF79399-0EFE-477F-99AF-6A3E5A9DCDAE}.Debug|Any CPU.ActiveCfg = Debug|Any CPU
		{0AF79399-0EFE-477F-99AF-6A3E5A9DCDAE}.Debug|Any CPU.Build.0 = Debug|Any CPU
		{0AF79399-0EFE-477F-99AF-6A3E5A9DCDAE}.Release|Any CPU.ActiveCfg = Release|Any CPU
		{0AF79399-0EFE-477F-99AF-6A3E5A9DCDAE}.Release|Any CPU.Build.0 = Release|Any CPU
		{40FFC748-0832-4497-A487-B1F625F4622E}.Debug|Any CPU.ActiveCfg = Debug|Any CPU
		{40FFC748-0832-4497-A487-B1F625F4622E}.Debug|Any CPU.Build.0 = Debug|Any CPU
		{40FFC748-0832-4497-A487-B1F625F4622E}.Release|Any CPU.ActiveCfg = Release|Any CPU
		{40FFC748-0832-4497-A487-B1F625F4622E}.Release|Any CPU.Build.0 = Release|Any CPU
		{A2434C12-58FC-40F4-8C9B-ABB4D9D4B370}.Debug|Any CPU.ActiveCfg = Debug|Any CPU
		{A2434C12-58FC-40F4-8C9B-ABB4D9D4B370}.Debug|Any CPU.Build.0 = Debug|Any CPU
		{A2434C12-58FC-40F4-8C9B-ABB4D9D4B370}.Release|Any CPU.ActiveCfg = Release|Any CPU
		{A2434C12-58FC-40F4-8C9B-ABB4D9D4B370}.Release|Any CPU.Build.0 = Release|Any CPU
		{C56CD7B1-EDB8-4715-B214-2D44BE00DC2F}.Debug|Any CPU.ActiveCfg = Debug|Any CPU
		{C56CD7B1-EDB8-4715-B214-2D44BE00DC2F}.Debug|Any CPU.Build.0 = Debug|Any CPU
		{C56CD7B1-EDB8-4715-B214-2D44BE00DC2F}.Release|Any CPU.ActiveCfg = Release|Any CPU
		{C56CD7B1-EDB8-4715-B214-2D44BE00DC2F}.Release|Any CPU.Build.0 = Release|Any CPU
		{E38346DB-228D-420D-8897-9635AC63DECD}.Debug|Any CPU.ActiveCfg = Debug|Any CPU
		{E38346DB-228D-420D-8897-9635AC63DECD}.Debug|Any CPU.Build.0 = Debug|Any CPU
		{E38346DB-228D-420D-8897-9635AC63DECD}.Release|Any CPU.ActiveCfg = Release|Any CPU
		{E38346DB-228D-420D-8897-9635AC63DECD}.Release|Any CPU.Build.0 = Release|Any CPU
		{9697EB76-A134-4153-806A-D1B7CF903FB2}.Debug|Any CPU.ActiveCfg = Debug|Any CPU
		{9697EB76-A134-4153-806A-D1B7CF903FB2}.Debug|Any CPU.Build.0 = Debug|Any CPU
		{9697EB76-A134-4153-806A-D1B7CF903FB2}.Release|Any CPU.ActiveCfg = Release|Any CPU
		{9697EB76-A134-4153-806A-D1B7CF903FB2}.Release|Any CPU.Build.0 = Release|Any CPU
		{E53110AA-D00A-4F80-9A28-42BDA9CD3B9E}.Debug|Any CPU.ActiveCfg = Debug|Any CPU
		{E53110AA-D00A-4F80-9A28-42BDA9CD3B9E}.Debug|Any CPU.Build.0 = Debug|Any CPU
		{E53110AA-D00A-4F80-9A28-42BDA9CD3B9E}.Release|Any CPU.ActiveCfg = Release|Any CPU
		{E53110AA-D00A-4F80-9A28-42BDA9CD3B9E}.Release|Any CPU.Build.0 = Release|Any CPU
		{FE2A4A06-A8CA-47B7-A486-6D148207D4AD}.Debug|Any CPU.ActiveCfg = Debug|Any CPU
		{FE2A4A06-A8CA-47B7-A486-6D148207D4AD}.Debug|Any CPU.Build.0 = Debug|Any CPU
		{FE2A4A06-A8CA-47B7-A486-6D148207D4AD}.Release|Any CPU.ActiveCfg = Release|Any CPU
		{FE2A4A06-A8CA-47B7-A486-6D148207D4AD}.Release|Any CPU.Build.0 = Release|Any CPU
		{0388B0BB-AB62-4CD6-8307-D97BEF05C3A7}.Debug|Any CPU.ActiveCfg = Debug|Any CPU
		{0388B0BB-AB62-4CD6-8307-D97BEF05C3A7}.Debug|Any CPU.Build.0 = Debug|Any CPU
		{0388B0BB-AB62-4CD6-8307-D97BEF05C3A7}.Release|Any CPU.ActiveCfg = Release|Any CPU
		{0388B0BB-AB62-4CD6-8307-D97BEF05C3A7}.Release|Any CPU.Build.0 = Release|Any CPU
		{47DC8A79-73BA-4950-90C6-7BC9EAE39CEF}.Debug|Any CPU.ActiveCfg = Debug|Any CPU
		{47DC8A79-73BA-4950-90C6-7BC9EAE39CEF}.Debug|Any CPU.Build.0 = Debug|Any CPU
		{47DC8A79-73BA-4950-90C6-7BC9EAE39CEF}.Release|Any CPU.ActiveCfg = Release|Any CPU
		{47DC8A79-73BA-4950-90C6-7BC9EAE39CEF}.Release|Any CPU.Build.0 = Release|Any CPU
		{5EBFB2DF-8FDF-44EB-BBFB-DF88354E5D99}.Debug|Any CPU.ActiveCfg = Debug|Any CPU
		{5EBFB2DF-8FDF-44EB-BBFB-DF88354E5D99}.Debug|Any CPU.Build.0 = Debug|Any CPU
		{5EBFB2DF-8FDF-44EB-BBFB-DF88354E5D99}.Release|Any CPU.ActiveCfg = Release|Any CPU
		{5EBFB2DF-8FDF-44EB-BBFB-DF88354E5D99}.Release|Any CPU.Build.0 = Release|Any CPU
		{1775A58C-E36E-4281-9C0C-2E1586D93065}.Debug|Any CPU.ActiveCfg = Debug|Any CPU
		{1775A58C-E36E-4281-9C0C-2E1586D93065}.Debug|Any CPU.Build.0 = Debug|Any CPU
		{1775A58C-E36E-4281-9C0C-2E1586D93065}.Release|Any CPU.ActiveCfg = Release|Any CPU
		{1775A58C-E36E-4281-9C0C-2E1586D93065}.Release|Any CPU.Build.0 = Release|Any CPU
	EndGlobalSection
	GlobalSection(SolutionProperties) = preSolution
		HideSolutionNode = FALSE
	EndGlobalSection
	GlobalSection(ExtensibilityGlobals) = postSolution
		SolutionGuid = {25D22608-74B0-4317-A580-E1B9F2C722A1}
	EndGlobalSection
EndGlobal
