
Microsoft Visual Studio Solution File, Format Version 12.00
# Visual Studio Version 17
VisualStudioVersion = 17.7.34031.279
MinimumVisualStudioVersion = 10.0.40219.1
Project("{FAE04EC0-301F-11D3-BF4B-00C04F79EFBC}") = "skotoparascha", "skotoparascha\skotoparascha.csproj", "{46C614D5-A606-42BC-BBF0-6183BA8455B7}"
EndProject
Global
	GlobalSection(SolutionConfigurationPlatforms) = preSolution
		Debug|Any CPU = Debug|Any CPU
		Release|Any CPU = Release|Any CPU
	EndGlobalSection
	GlobalSection(ProjectConfigurationPlatforms) = postSolution
		{46C614D5-A606-42BC-BBF0-6183BA8455B7}.Debug|Any CPU.ActiveCfg = Debug|Any CPU
		{46C614D5-A606-42BC-BBF0-6183BA8455B7}.Debug|Any CPU.Build.0 = Debug|Any CPU
		{46C614D5-A606-42BC-BBF0-6183BA8455B7}.Release|Any CPU.ActiveCfg = Release|Any CPU
		{46C614D5-A606-42BC-BBF0-6183BA8455B7}.Release|Any CPU.Build.0 = Release|Any CPU
	EndGlobalSection
	GlobalSection(SolutionProperties) = preSolution
		HideSolutionNode = FALSE
	EndGlobalSection
	GlobalSection(ExtensibilityGlobals) = postSolution
		SolutionGuid = {B1C2C253-136E-43D5-A654-8CE57B769C55}
	EndGlobalSection
EndGlobal
